
Microsoft Visual Studio Solution File, Format Version 12.00
# Visual Studio 15
VisualStudioVersion = 15.0.25807.0
MinimumVisualStudioVersion = 10.0.40219.1
Project("{2150E333-8FDC-42A3-9474-1A3956D46DE8}") = "Engine", "Engine", "{D34E6C5E-5CB5-4CC2-8A3C-D2EDBBFFB980}"
EndProject
Project("{2150E333-8FDC-42A3-9474-1A3956D46DE8}") = "Games", "Games", "{CB8945AE-62C7-4467-9FAB-22C20EB8486D}"
EndProject
Project("{8BC9CEB8-8B4A-11D0-8D11-00A0C91BC942}") = "CoopGame", "Intermediate\ProjectFiles\CoopGame.vcxproj", "{49CE0EC1-B6BC-4F72-9917-5333ADB6567B}"
EndProject
Project("{8BC9CEB8-8B4A-11D0-8D11-00A0C91BC942}") = "UE4", "Intermediate\ProjectFiles\UE4.vcxproj", "{79D29F9B-AA12-4823-A515-68179E686A09}"
EndProject
Project("{2150E333-8FDC-42A3-9474-1A3956D46DE8}") = "Visualizers", "Visualizers", "{A9133F4A-9745-4EB2-9686-946CEFF56CB0}"
	ProjectSection(SolutionItems) = preProject
		..\..\..\UE_4.22\Engine\Extras\VisualStudioDebugging\UE4.natvis = ..\..\..\UE_4.22\Engine\Extras\VisualStudioDebugging\UE4.natvis
	EndProjectSection
EndProject
Global
	GlobalSection(SolutionConfigurationPlatforms) = preSolution
		DebugGame Editor|HTML5 = DebugGame Editor|HTML5
		DebugGame Editor|IOS = DebugGame Editor|IOS
		DebugGame Editor|Win32 = DebugGame Editor|Win32
		DebugGame Editor|Win64 = DebugGame Editor|Win64
		DebugGame|HTML5 = DebugGame|HTML5
		DebugGame|IOS = DebugGame|IOS
		DebugGame|Win32 = DebugGame|Win32
		DebugGame|Win64 = DebugGame|Win64
		Development Editor|HTML5 = Development Editor|HTML5
		Development Editor|IOS = Development Editor|IOS
		Development Editor|Win32 = Development Editor|Win32
		Development Editor|Win64 = Development Editor|Win64
		Development|HTML5 = Development|HTML5
		Development|IOS = Development|IOS
		Development|Win32 = Development|Win32
		Development|Win64 = Development|Win64
		Shipping|HTML5 = Shipping|HTML5
		Shipping|IOS = Shipping|IOS
		Shipping|Win32 = Shipping|Win32
		Shipping|Win64 = Shipping|Win64
	EndGlobalSection
	GlobalSection(ProjectConfigurationPlatforms) = postSolution
		{49CE0EC1-B6BC-4F72-9917-5333ADB6567B}.DebugGame Editor|HTML5.ActiveCfg = Invalid|Win32
		{49CE0EC1-B6BC-4F72-9917-5333ADB6567B}.DebugGame Editor|IOS.ActiveCfg = Invalid|Win32
		{49CE0EC1-B6BC-4F72-9917-5333ADB6567B}.DebugGame Editor|Win32.ActiveCfg = Invalid|Win32
		{49CE0EC1-B6BC-4F72-9917-5333ADB6567B}.DebugGame Editor|Win64.ActiveCfg = DebugGame_Editor|x64
		{49CE0EC1-B6BC-4F72-9917-5333ADB6567B}.DebugGame Editor|Win64.Build.0 = DebugGame_Editor|x64
		{49CE0EC1-B6BC-4F72-9917-5333ADB6567B}.DebugGame|HTML5.ActiveCfg = HTML5_DebugGame|Win32
		{49CE0EC1-B6BC-4F72-9917-5333ADB6567B}.DebugGame|HTML5.Build.0 = HTML5_DebugGame|Win32
		{49CE0EC1-B6BC-4F72-9917-5333ADB6567B}.DebugGame|IOS.ActiveCfg = IOS_DebugGame|Win32
		{49CE0EC1-B6BC-4F72-9917-5333ADB6567B}.DebugGame|IOS.Build.0 = IOS_DebugGame|Win32
		{49CE0EC1-B6BC-4F72-9917-5333ADB6567B}.DebugGame|Win32.ActiveCfg = DebugGame|Win32
		{49CE0EC1-B6BC-4F72-9917-5333ADB6567B}.DebugGame|Win32.Build.0 = DebugGame|Win32
		{49CE0EC1-B6BC-4F72-9917-5333ADB6567B}.DebugGame|Win64.ActiveCfg = DebugGame|x64
		{49CE0EC1-B6BC-4F72-9917-5333ADB6567B}.DebugGame|Win64.Build.0 = DebugGame|x64
		{49CE0EC1-B6BC-4F72-9917-5333ADB6567B}.Development Editor|HTML5.ActiveCfg = Invalid|Win32
		{49CE0EC1-B6BC-4F72-9917-5333ADB6567B}.Development Editor|IOS.ActiveCfg = Invalid|Win32
		{49CE0EC1-B6BC-4F72-9917-5333ADB6567B}.Development Editor|Win32.ActiveCfg = Invalid|Win32
		{49CE0EC1-B6BC-4F72-9917-5333ADB6567B}.Development Editor|Win64.ActiveCfg = Development_Editor|x64
		{49CE0EC1-B6BC-4F72-9917-5333ADB6567B}.Development Editor|Win64.Build.0 = Development_Editor|x64
		{49CE0EC1-B6BC-4F72-9917-5333ADB6567B}.Development|HTML5.ActiveCfg = HTML5_Development|Win32
		{49CE0EC1-B6BC-4F72-9917-5333ADB6567B}.Development|HTML5.Build.0 = HTML5_Development|Win32
		{49CE0EC1-B6BC-4F72-9917-5333ADB6567B}.Development|IOS.ActiveCfg = IOS_Development|Win32
		{49CE0EC1-B6BC-4F72-9917-5333ADB6567B}.Development|IOS.Build.0 = IOS_Development|Win32
		{49CE0EC1-B6BC-4F72-9917-5333ADB6567B}.Development|Win32.ActiveCfg = Development|Win32
		{49CE0EC1-B6BC-4F72-9917-5333ADB6567B}.Development|Win32.Build.0 = Development|Win32
		{49CE0EC1-B6BC-4F72-9917-5333ADB6567B}.Development|Win64.ActiveCfg = Development|x64
		{49CE0EC1-B6BC-4F72-9917-5333ADB6567B}.Development|Win64.Build.0 = Development|x64
		{49CE0EC1-B6BC-4F72-9917-5333ADB6567B}.Shipping|HTML5.ActiveCfg = HTML5_Shipping|Win32
		{49CE0EC1-B6BC-4F72-9917-5333ADB6567B}.Shipping|HTML5.Build.0 = HTML5_Shipping|Win32
		{49CE0EC1-B6BC-4F72-9917-5333ADB6567B}.Shipping|IOS.ActiveCfg = IOS_Shipping|Win32
		{49CE0EC1-B6BC-4F72-9917-5333ADB6567B}.Shipping|IOS.Build.0 = IOS_Shipping|Win32
		{49CE0EC1-B6BC-4F72-9917-5333ADB6567B}.Shipping|Win32.ActiveCfg = Shipping|Win32
		{49CE0EC1-B6BC-4F72-9917-5333ADB6567B}.Shipping|Win32.Build.0 = Shipping|Win32
		{49CE0EC1-B6BC-4F72-9917-5333ADB6567B}.Shipping|Win64.ActiveCfg = Shipping|x64
		{49CE0EC1-B6BC-4F72-9917-5333ADB6567B}.Shipping|Win64.Build.0 = Shipping|x64
		{79D29F9B-AA12-4823-A515-68179E686A09}.DebugGame Editor|HTML5.ActiveCfg = BuiltWithUnrealBuildTool|Win32
		{79D29F9B-AA12-4823-A515-68179E686A09}.DebugGame Editor|IOS.ActiveCfg = BuiltWithUnrealBuildTool|Win32
		{79D29F9B-AA12-4823-A515-68179E686A09}.DebugGame Editor|Win32.ActiveCfg = BuiltWithUnrealBuildTool|Win32
		{79D29F9B-AA12-4823-A515-68179E686A09}.DebugGame Editor|Win64.ActiveCfg = BuiltWithUnrealBuildTool|Win32
		{79D29F9B-AA12-4823-A515-68179E686A09}.DebugGame|HTML5.ActiveCfg = BuiltWithUnrealBuildTool|Win32
		{79D29F9B-AA12-4823-A515-68179E686A09}.DebugGame|IOS.ActiveCfg = BuiltWithUnrealBuildTool|Win32
		{79D29F9B-AA12-4823-A515-68179E686A09}.DebugGame|Win32.ActiveCfg = BuiltWithUnrealBuildTool|Win32
		{79D29F9B-AA12-4823-A515-68179E686A09}.DebugGame|Win64.ActiveCfg = BuiltWithUnrealBuildTool|Win32
		{79D29F9B-AA12-4823-A515-68179E686A09}.Development Editor|HTML5.ActiveCfg = BuiltWithUnrealBuildTool|Win32
		{79D29F9B-AA12-4823-A515-68179E686A09}.Development Editor|IOS.ActiveCfg = BuiltWithUnrealBuildTool|Win32
		{79D29F9B-AA12-4823-A515-68179E686A09}.Development Editor|Win32.ActiveCfg = BuiltWithUnrealBuildTool|Win32
		{79D29F9B-AA12-4823-A515-68179E686A09}.Development Editor|Win64.ActiveCfg = BuiltWithUnrealBuildTool|Win32
		{79D29F9B-AA12-4823-A515-68179E686A09}.Development|HTML5.ActiveCfg = BuiltWithUnrealBuildTool|Win32
		{79D29F9B-AA12-4823-A515-68179E686A09}.Development|IOS.ActiveCfg = BuiltWithUnrealBuildTool|Win32
		{79D29F9B-AA12-4823-A515-68179E686A09}.Development|Win32.ActiveCfg = BuiltWithUnrealBuildTool|Win32
		{79D29F9B-AA12-4823-A515-68179E686A09}.Development|Win64.ActiveCfg = BuiltWithUnrealBuildTool|Win32
		{79D29F9B-AA12-4823-A515-68179E686A09}.Shipping|HTML5.ActiveCfg = BuiltWithUnrealBuildTool|Win32
		{79D29F9B-AA12-4823-A515-68179E686A09}.Shipping|IOS.ActiveCfg = BuiltWithUnrealBuildTool|Win32
		{79D29F9B-AA12-4823-A515-68179E686A09}.Shipping|Win32.ActiveCfg = BuiltWithUnrealBuildTool|Win32
		{79D29F9B-AA12-4823-A515-68179E686A09}.Shipping|Win64.ActiveCfg = BuiltWithUnrealBuildTool|Win32
	EndGlobalSection
	GlobalSection(SolutionProperties) = preSolution
		HideSolutionNode = FALSE
	EndGlobalSection
	GlobalSection(NestedProjects) = preSolution
		{79D29F9B-AA12-4823-A515-68179E686A09} = {D34E6C5E-5CB5-4CC2-8A3C-D2EDBBFFB980}
		{49CE0EC1-B6BC-4F72-9917-5333ADB6567B} = {CB8945AE-62C7-4467-9FAB-22C20EB8486D}
	EndGlobalSection
EndGlobal
